
Microsoft Visual Studio Solution File, Format Version 12.00
# Visual Studio 15
VisualStudioVersion = 15.0.27130.2027
MinimumVisualStudioVersion = 10.0.40219.1
Project("{8BC9CEB8-8B4A-11D0-8D11-00A0C91BC942}") = "INFO450PLATIN", "INFO450PLATIN\INFO450PLATIN.vcxproj", "{DDA59E02-EAC7-40F0-9C2D-AA20391DF38B}"
EndProject
Global
	GlobalSection(SolutionConfigurationPlatforms) = preSolution
		Debug|x64 = Debug|x64
		Debug|x86 = Debug|x86
		Release|x64 = Release|x64
		Release|x86 = Release|x86
	EndGlobalSection
	GlobalSection(ProjectConfigurationPlatforms) = postSolution
		{DDA59E02-EAC7-40F0-9C2D-AA20391DF38B}.Debug|x64.ActiveCfg = Debug|x64
		{DDA59E02-EAC7-40F0-9C2D-AA20391DF38B}.Debug|x64.Build.0 = Debug|x64
		{DDA59E02-EAC7-40F0-9C2D-AA20391DF38B}.Debug|x86.ActiveCfg = Debug|Win32
		{DDA59E02-EAC7-40F0-9C2D-AA20391DF38B}.Debug|x86.Build.0 = Debug|Win32
		{DDA59E02-EAC7-40F0-9C2D-AA20391DF38B}.Release|x64.ActiveCfg = Release|x64
		{DDA59E02-EAC7-40F0-9C2D-AA20391DF38B}.Release|x64.Build.0 = Release|x64
		{DDA59E02-EAC7-40F0-9C2D-AA20391DF38B}.Release|x86.ActiveCfg = Release|Win32
		{DDA59E02-EAC7-40F0-9C2D-AA20391DF38B}.Release|x86.Build.0 = Release|Win32
	EndGlobalSection
	GlobalSection(SolutionProperties) = preSolution
		HideSolutionNode = FALSE
	EndGlobalSection
	GlobalSection(ExtensibilityGlobals) = postSolution
		SolutionGuid = {FEC8B26D-89CC-4E2C-B634-91C3A566B7A9}
	EndGlobalSection
EndGlobal
